
Microsoft Visual Studio Solution File, Format Version 12.00
# Visual Studio Version 17
VisualStudioVersion = 17.0.31903.59
MinimumVisualStudioVersion = 10.0.40219.1
Project("{FAE04EC0-301F-11D3-BF4B-00C04F79EFBC}") = "Contracts", "Contracts\Contracts.csproj", "{482ABC9C-3994-4A36-B213-11A0DE0C1617}"
EndProject
Project("{FAE04EC0-301F-11D3-BF4B-00C04F79EFBC}") = "Api", "Api\Api.csproj", "{4A744669-4625-48E6-9496-74133E451B01}"
EndProject
Project("{FAE04EC0-301F-11D3-BF4B-00C04F79EFBC}") = "WebApp", "WebApp\WebApp.csproj", "{5E9AD176-DD2F-482B-BC12-5769A0BB5F03}"
EndProject
Global
	GlobalSection(SolutionConfigurationPlatforms) = preSolution
		Debug|Any CPU = Debug|Any CPU
		Debug|x64 = Debug|x64
		Debug|x86 = Debug|x86
		Release|Any CPU = Release|Any CPU
		Release|x64 = Release|x64
		Release|x86 = Release|x86
	EndGlobalSection
	GlobalSection(ProjectConfigurationPlatforms) = postSolution
		{482ABC9C-3994-4A36-B213-11A0DE0C1617}.Debug|Any CPU.ActiveCfg = Debug|Any CPU
		{482ABC9C-3994-4A36-B213-11A0DE0C1617}.Debug|Any CPU.Build.0 = Debug|Any CPU
		{482ABC9C-3994-4A36-B213-11A0DE0C1617}.Debug|x64.ActiveCfg = Debug|Any CPU
		{482ABC9C-3994-4A36-B213-11A0DE0C1617}.Debug|x64.Build.0 = Debug|Any CPU
		{482ABC9C-3994-4A36-B213-11A0DE0C1617}.Debug|x86.ActiveCfg = Debug|Any CPU
		{482ABC9C-3994-4A36-B213-11A0DE0C1617}.Debug|x86.Build.0 = Debug|Any CPU
		{482ABC9C-3994-4A36-B213-11A0DE0C1617}.Release|Any CPU.ActiveCfg = Release|Any CPU
		{482ABC9C-3994-4A36-B213-11A0DE0C1617}.Release|Any CPU.Build.0 = Release|Any CPU
		{482ABC9C-3994-4A36-B213-11A0DE0C1617}.Release|x64.ActiveCfg = Release|Any CPU
		{482ABC9C-3994-4A36-B213-11A0DE0C1617}.Release|x64.Build.0 = Release|Any CPU
		{482ABC9C-3994-4A36-B213-11A0DE0C1617}.Release|x86.ActiveCfg = Release|Any CPU
		{482ABC9C-3994-4A36-B213-11A0DE0C1617}.Release|x86.Build.0 = Release|Any CPU
		{4A744669-4625-48E6-9496-74133E451B01}.Debug|Any CPU.ActiveCfg = Debug|Any CPU
		{4A744669-4625-48E6-9496-74133E451B01}.Debug|Any CPU.Build.0 = Debug|Any CPU
		{4A744669-4625-48E6-9496-74133E451B01}.Debug|x64.ActiveCfg = Debug|Any CPU
		{4A744669-4625-48E6-9496-74133E451B01}.Debug|x64.Build.0 = Debug|Any CPU
		{4A744669-4625-48E6-9496-74133E451B01}.Debug|x86.ActiveCfg = Debug|Any CPU
		{4A744669-4625-48E6-9496-74133E451B01}.Debug|x86.Build.0 = Debug|Any CPU
		{4A744669-4625-48E6-9496-74133E451B01}.Release|Any CPU.ActiveCfg = Release|Any CPU
		{4A744669-4625-48E6-9496-74133E451B01}.Release|Any CPU.Build.0 = Release|Any CPU
		{4A744669-4625-48E6-9496-74133E451B01}.Release|x64.ActiveCfg = Release|Any CPU
		{4A744669-4625-48E6-9496-74133E451B01}.Release|x64.Build.0 = Release|Any CPU
		{4A744669-4625-48E6-9496-74133E451B01}.Release|x86.ActiveCfg = Release|Any CPU
		{4A744669-4625-48E6-9496-74133E451B01}.Release|x86.Build.0 = Release|Any CPU
		{5E9AD176-DD2F-482B-BC12-5769A0BB5F03}.Debug|Any CPU.ActiveCfg = Debug|Any CPU
		{5E9AD176-DD2F-482B-BC12-5769A0BB5F03}.Debug|Any CPU.Build.0 = Debug|Any CPU
		{5E9AD176-DD2F-482B-BC12-5769A0BB5F03}.Debug|x64.ActiveCfg = Debug|Any CPU
		{5E9AD176-DD2F-482B-BC12-5769A0BB5F03}.Debug|x64.Build.0 = Debug|Any CPU
		{5E9AD176-DD2F-482B-BC12-5769A0BB5F03}.Debug|x86.ActiveCfg = Debug|Any CPU
		{5E9AD176-DD2F-482B-BC12-5769A0BB5F03}.Debug|x86.Build.0 = Debug|Any CPU
		{5E9AD176-DD2F-482B-BC12-5769A0BB5F03}.Release|Any CPU.ActiveCfg = Release|Any CPU
		{5E9AD176-DD2F-482B-BC12-5769A0BB5F03}.Release|Any CPU.Build.0 = Release|Any CPU
		{5E9AD176-DD2F-482B-BC12-5769A0BB5F03}.Release|x64.ActiveCfg = Release|Any CPU
		{5E9AD176-DD2F-482B-BC12-5769A0BB5F03}.Release|x64.Build.0 = Release|Any CPU
		{5E9AD176-DD2F-482B-BC12-5769A0BB5F03}.Release|x86.ActiveCfg = Release|Any CPU
		{5E9AD176-DD2F-482B-BC12-5769A0BB5F03}.Release|x86.Build.0 = Release|Any CPU
	EndGlobalSection
	GlobalSection(SolutionProperties) = preSolution
		HideSolutionNode = FALSE
	EndGlobalSection
EndGlobal
